
Microsoft Visual Studio Solution File, Format Version 12.00
# Visual Studio Version 16
VisualStudioVersion = 16.0.30104.148
MinimumVisualStudioVersion = 10.0.40219.1
Project("{FAE04EC0-301F-11D3-BF4B-00C04F79EFBC}") = "Cafe_shoop", "Cafe_shoop\Cafe_shoop.csproj", "{1B797A04-0739-4F1C-B135-E303C6BDA530}"
EndProject
Global
	GlobalSection(SolutionConfigurationPlatforms) = preSolution
		Debug|Any CPU = Debug|Any CPU
		Release|Any CPU = Release|Any CPU
	EndGlobalSection
	GlobalSection(ProjectConfigurationPlatforms) = postSolution
		{1B797A04-0739-4F1C-B135-E303C6BDA530}.Debug|Any CPU.ActiveCfg = Debug|Any CPU
		{1B797A04-0739-4F1C-B135-E303C6BDA530}.Debug|Any CPU.Build.0 = Debug|Any CPU
		{1B797A04-0739-4F1C-B135-E303C6BDA530}.Release|Any CPU.ActiveCfg = Release|Any CPU
		{1B797A04-0739-4F1C-B135-E303C6BDA530}.Release|Any CPU.Build.0 = Release|Any CPU
	EndGlobalSection
	GlobalSection(SolutionProperties) = preSolution
		HideSolutionNode = FALSE
	EndGlobalSection
	GlobalSection(ExtensibilityGlobals) = postSolution
		SolutionGuid = {4E788237-20A5-4E1A-9A90-5668C1E647E6}
	EndGlobalSection
EndGlobal
